
Microsoft Visual Studio Solution File, Format Version 12.00
# Visual Studio Version 16
VisualStudioVersion = 16.0.28729.10
MinimumVisualStudioVersion = 10.0.40219.1
Project("{9A19103F-16F7-4668-BE54-9A1E7A4F7556}") = "SerializerISetSupport", "SerializerISetSupport.csproj", "{2BAF094F-D36D-4033-964D-E78662F0131D}"
EndProject
Global
	GlobalSection(SolutionConfigurationPlatforms) = preSolution
		Debug|Any CPU = Debug|Any CPU
		Release|Any CPU = Release|Any CPU
	EndGlobalSection
	GlobalSection(ProjectConfigurationPlatforms) = postSolution
		{2BAF094F-D36D-4033-964D-E78662F0131D}.Debug|Any CPU.ActiveCfg = Debug|Any CPU
		{2BAF094F-D36D-4033-964D-E78662F0131D}.Debug|Any CPU.Build.0 = Debug|Any CPU
		{2BAF094F-D36D-4033-964D-E78662F0131D}.Release|Any CPU.ActiveCfg = Release|Any CPU
		{2BAF094F-D36D-4033-964D-E78662F0131D}.Release|Any CPU.Build.0 = Release|Any CPU
	EndGlobalSection
	GlobalSection(SolutionProperties) = preSolution
		HideSolutionNode = FALSE
	EndGlobalSection
	GlobalSection(ExtensibilityGlobals) = postSolution
		SolutionGuid = {9528899F-E448-4509-9DD4-DFC7918DEAD0}
	EndGlobalSection
EndGlobal
